
Microsoft Visual Studio Solution File, Format Version 12.00
# Visual Studio 15
VisualStudioVersion = 15.0.26228.9
MinimumVisualStudioVersion = 10.0.40219.1
Project("{9A19103F-16F7-4668-BE54-9A1E7A4F7556}") = "IX.Observable", "IX.Observable\IX.Observable.csproj", "{E5672090-831E-4CEC-BBB7-E787C40A1212}"
EndProject
Project("{9A19103F-16F7-4668-BE54-9A1E7A4F7556}") = "IX.Observable.UnitTests", "IX.Observable.UnitTests\IX.Observable.UnitTests.csproj", "{498A1813-BB19-426F-BA2A-13B411B0E69D}"
EndProject
Project("{2150E333-8FDC-42A3-9474-1A3956D46DE8}") = "Solution Items", "Solution Items", "{3AF51FBE-EE30-476D-BE94-2D0A2988DB14}"
	ProjectSection(SolutionItems) = preProject
		.editorconfig = .editorconfig
		.gitattributes = .gitattributes
		.gitignore = .gitignore
		appveyor.yml = appveyor.yml
		LICENSE.md = LICENSE.md
		README.md = README.md
	EndProjectSection
EndProject
Global
	GlobalSection(SolutionConfigurationPlatforms) = preSolution
		Debug|Any CPU = Debug|Any CPU
		Release|Any CPU = Release|Any CPU
	EndGlobalSection
	GlobalSection(ProjectConfigurationPlatforms) = postSolution
		{E5672090-831E-4CEC-BBB7-E787C40A1212}.Debug|Any CPU.ActiveCfg = Debug|Any CPU
		{E5672090-831E-4CEC-BBB7-E787C40A1212}.Debug|Any CPU.Build.0 = Debug|Any CPU
		{E5672090-831E-4CEC-BBB7-E787C40A1212}.Release|Any CPU.ActiveCfg = Release|Any CPU
		{E5672090-831E-4CEC-BBB7-E787C40A1212}.Release|Any CPU.Build.0 = Release|Any CPU
		{498A1813-BB19-426F-BA2A-13B411B0E69D}.Debug|Any CPU.ActiveCfg = Debug|Any CPU
		{498A1813-BB19-426F-BA2A-13B411B0E69D}.Debug|Any CPU.Build.0 = Debug|Any CPU
		{498A1813-BB19-426F-BA2A-13B411B0E69D}.Release|Any CPU.ActiveCfg = Release|Any CPU
		{498A1813-BB19-426F-BA2A-13B411B0E69D}.Release|Any CPU.Build.0 = Release|Any CPU
	EndGlobalSection
	GlobalSection(SolutionProperties) = preSolution
		HideSolutionNode = FALSE
	EndGlobalSection
EndGlobal
